{"1.2.0",
[{<<"grisp">>,{pkg,<<"grisp">>,<<"2.0.0">>},0},
 {<<"mapz">>,{pkg,<<"mapz">>,<<"2.2.0">>},1}]}.
[
{pkg_hash,[
 {<<"grisp">>, <<"B90E2D51D215FBAFFC94CDFC712A566C82D90DA250B4417DE9686DF9923C05BE">>},
 {<<"mapz">>, <<"81EE5AD249BBC9427DAA6C3EE5166F88A448C5B0B2F5BBEE0495266308AFF2BA">>}]},
{pkg_hash_ext,[
 {<<"grisp">>, <<"B2B7F2ACD53F6E7CA24E24B7B6EF3A8575CFE5C59338C1B564AE17163600BD5F">>},
 {<<"mapz">>, <<"861A878A86AB7E5897A9B57B3CA0B188FB53CE2935B153872C61F6641E709AA8">>}]}
].
