{"1.2.0",
[{<<"grisp">>,{pkg,<<"grisp">>,<<"2.5.0">>},0},
 {<<"mapz">>,{pkg,<<"mapz">>,<<"2.4.0">>},1}]}.
[
{pkg_hash,[
 {<<"grisp">>, <<"DBC40DDA075F9ED7A68B112AFBC7C2B122EB5CE2DDF4C029E952B3D7492EA90B">>},
 {<<"mapz">>, <<"77A8E38B69BAB16C5D3EBD44E6C619F8AF1F1598B0CAAE301D266605A0865756">>}]},
{pkg_hash_ext,[
 {<<"grisp">>, <<"EC298EB0B26598B6D843A342AE7498801FDF46625D9E58AF6D73C7F5C3C15391">>},
 {<<"mapz">>, <<"4B68DF5CF0522E0D6545DF7B681BC052865CDB78405AD4CC9C55FE45EE7B25BE">>}]}
].
