{"1.2.0",
[{<<"grisp">>,{pkg,<<"grisp">>,<<"2.3.0">>},0},
 {<<"mapz">>,{pkg,<<"mapz">>,<<"2.3.0">>},1}]}.
[
{pkg_hash,[
 {<<"grisp">>, <<"3B6564DFC89026AD93F2515EC2CB42C4D1B2A171E763B1127763A3DF423A0B0F">>},
 {<<"mapz">>, <<"D53288F92955B2D8DB364D2E4BE78D09B6A4160E833CB5AA1FD001C3F23FCF99">>}]},
{pkg_hash_ext,[
 {<<"grisp">>, <<"94CC4B204E76DBD1E6D22D555198E56B832533B5BD48155F56C69D2D689512D8">>},
 {<<"mapz">>, <<"6E7BEF40602AD84B88CFD7C1AE84D8ED097BCEA9A2382EFF4538617C3600DAA9">>}]}
].
